// !$*UTF8*$!
{
	archiveVersion = 1;
	classes = {
	};
	objectVersion = 77;
	objects = {

/* Begin PBXContainerItemProxy section */
		3690AFF22ED00CD0008C3221 /* PBXContainerItemProxy */ = {
			isa = PBXContainerItemProxy;
			containerPortal = 3690AFD92ED00CCE008C3221 /* Project object */;
			proxyType = 1;
			remoteGlobalIDString = 3690AFE02ED00CCE008C3221;
			remoteInfo = JsonTypicodePost;
		};
		3690AFFC2ED00CD0008C3221 /* PBXContainerItemProxy */ = {
			isa = PBXContainerItemProxy;
			containerPortal = 3690AFD92ED00CCE008C3221 /* Project object */;
			proxyType = 1;
			remoteGlobalIDString = 3690AFE02ED00CCE008C3221;
			remoteInfo = JsonTypicodePost;
		};
/* End PBXContainerItemProxy section */

/* Begin PBXFileReference section */
		3690AFE12ED00CCE008C3221 /* JsonTypicodePost.app */ = {isa = PBXFileReference; explicitFileType = wrapper.application; includeInIndex = 0; path = JsonTypicodePost.app; sourceTree = BUILT_PRODUCTS_DIR; };
		3690AFF12ED00CD0008C3221 /* JsonTypicodePostTests.xctest */ = {isa = PBXFileReference; explicitFileType = wrapper.cfbundle; includeInIndex = 0; path = JsonTypicodePostTests.xctest; sourceTree = BUILT_PRODUCTS_DIR; };
		3690AFFB2ED00CD0008C3221 /* JsonTypicodePostUITests.xctest */ = {isa = PBXFileReference; explicitFileType = wrapper.cfbundle; includeInIndex = 0; path = JsonTypicodePostUITests.xctest; sourceTree = BUILT_PRODUCTS_DIR; };
/* End PBXFileReference section */

/* Begin PBXFileSystemSynchronizedRootGroup section */
		3690AFE32ED00CCE008C3221 /* JsonTypicodePost */ = {
			isa = PBXFileSystemSynchronizedRootGroup;
			path = JsonTypicodePost;
			sourceTree = "<group>";
		};
		3690AFF42ED00CD0008C3221 /* JsonTypicodePostTests */ = {
			isa = PBXFileSystemSynchronizedRootGroup;
			path = JsonTypicodePostTests;
			sourceTree = "<group>";
		};
		3690AFFE2ED00CD0008C3221 /* JsonTypicodePostUITests */ = {
			isa = PBXFileSystemSynchronizedRootGroup;
			path = JsonTypicodePostUITests;
			sourceTree = "<group>";
		};
/* End PBXFileSystemSynchronizedRootGroup section */

/* Begin PBXFrameworksBuildPhase section */
		3690AFDE2ED00CCE008C3221 /* Frameworks */ = {
			isa = PBXFrameworksBuildPhase;
			buildActionMask = 2147483647;
			files = (
			);
			runOnlyForDeploymentPostprocessing = 0;
		};
		3690AFEE2ED00CD0008C3221 /* Frameworks */ = {
			isa = PBXFrameworksBuildPhase;
			buildActionMask = 2147483647;
			files = (
			);
			runOnlyForDeploymentPostprocessing = 0;
		};
		3690AFF82ED00CD0008C3221 /* Frameworks */ = {
			isa = PBXFrameworksBuildPhase;
			buildActionMask = 2147483647;
			files = (
			);
			runOnlyForDeploymentPostprocessing = 0;
		};
/* End PBXFrameworksBuildPhase section */

/* Begin PBXGroup section */
		3690AFD82ED00CCE008C3221 = {
			isa = PBXGroup;
			children = (
				3690AFE32ED00CCE008C3221 /* JsonTypicodePost */,
				3690AFF42ED00CD0008C3221 /* JsonTypicodePostTests */,
				3690AFFE2ED00CD0008C3221 /* JsonTypicodePostUITests */,
				3690AFE22ED00CCE008C3221 /* Products */,
			);
			sourceTree = "<group>";
		};
		3690AFE22ED00CCE008C3221 /* Products */ = {
			isa = PBXGroup;
			children = (
				3690AFE12ED00CCE008C3221 /* JsonTypicodePost.app */,
				3690AFF12ED00CD0008C3221 /* JsonTypicodePostTests.xctest */,
				3690AFFB2ED00CD0008C3221 /* JsonTypicodePostUITests.xctest */,
			);
			name = Products;
			sourceTree = "<group>";
		};
/* End PBXGroup section */

/* Begin PBXNativeTarget section */
		3690AFE02ED00CCE008C3221 /* JsonTypicodePost */ = {
			isa = PBXNativeTarget;
			buildConfigurationList = 3690B0052ED00CD0008C3221 /* Build configuration list for PBXNativeTarget "JsonTypicodePost" */;
			buildPhases = (
				3690AFDD2ED00CCE008C3221 /* Sources */,
				3690AFDE2ED00CCE008C3221 /* Frameworks */,
				3690AFDF2ED00CCE008C3221 /* Resources */,
			);
			buildRules = (
			);
			dependencies = (
			);
			fileSystemSynchronizedGroups = (
				3690AFE32ED00CCE008C3221 /* JsonTypicodePost */,
			);
			name = JsonTypicodePost;
			packageProductDependencies = (
			);
			productName = JsonTypicodePost;
			productReference = 3690AFE12ED00CCE008C3221 /* JsonTypicodePost.app */;
			productType = "com.apple.product-type.application";
		};
		3690AFF02ED00CD0008C3221 /* JsonTypicodePostTests */ = {
			isa = PBXNativeTarget;
			buildConfigurationList = 3690B0082ED00CD0008C3221 /* Build configuration list for PBXNativeTarget "JsonTypicodePostTests" */;
			buildPhases = (
				3690AFED2ED00CD0008C3221 /* Sources */,
				3690AFEE2ED00CD0008C3221 /* Frameworks */,
				3690AFEF2ED00CD0008C3221 /* Resources */,
			);
			buildRules = (
			);
			dependencies = (
				3690AFF32ED00CD0008C3221 /* PBXTargetDependency */,
			);
			fileSystemSynchronizedGroups = (
				3690AFF42ED00CD0008C3221 /* JsonTypicodePostTests */,
			);
			name = JsonTypicodePostTests;
			packageProductDependencies = (
			);
			productName = JsonTypicodePostTests;
			productReference = 3690AFF12ED00CD0008C3221 /* JsonTypicodePostTests.xctest */;
			productType = "com.apple.product-type.bundle.unit-test";
		};
		3690AFFA2ED00CD0008C3221 /* JsonTypicodePostUITests */ = {
			isa = PBXNativeTarget;
			buildConfigurationList = 3690B00B2ED00CD0008C3221 /* Build configuration list for PBXNativeTarget "JsonTypicodePostUITests" */;
			buildPhases = (
				3690AFF72ED00CD0008C3221 /* Sources */,
				3690AFF82ED00CD0008C3221 /* Frameworks */,
				3690AFF92ED00CD0008C3221 /* Resources */,
			);
			buildRules = (
			);
			dependencies = (
				3690AFFD2ED00CD0008C3221 /* PBXTargetDependency */,
			);
			fileSystemSynchronizedGroups = (
				3690AFFE2ED00CD0008C3221 /* JsonTypicodePostUITests */,
			);
			name = JsonTypicodePostUITests;
			packageProductDependencies = (
			);
			productName = JsonTypicodePostUITests;
			productReference = 3690AFFB2ED00CD0008C3221 /* JsonTypicodePostUITests.xctest */;
			productType = "com.apple.product-type.bundle.ui-testing";
		};
/* End PBXNativeTarget section */

/* Begin PBXProject section */
		3690AFD92ED00CCE008C3221 /* Project object */ = {
			isa = PBXProject;
			attributes = {
				BuildIndependentTargetsInParallel = 1;
				LastSwiftUpdateCheck = 1620;
				LastUpgradeCheck = 1620;
				TargetAttributes = {
					3690AFE02ED00CCE008C3221 = {
						CreatedOnToolsVersion = 16.2;
					};
					3690AFF02ED00CD0008C3221 = {
						CreatedOnToolsVersion = 16.2;
						TestTargetID = 3690AFE02ED00CCE008C3221;
					};
					3690AFFA2ED00CD0008C3221 = {
						CreatedOnToolsVersion = 16.2;
						TestTargetID = 3690AFE02ED00CCE008C3221;
					};
				};
			};
			buildConfigurationList = 3690AFDC2ED00CCE008C3221 /* Build configuration list for PBXProject "JsonTypicodePost" */;
			developmentRegion = en;
			hasScannedForEncodings = 0;
			knownRegions = (
				en,
				Base,
			);
			mainGroup = 3690AFD82ED00CCE008C3221;
			minimizedProjectReferenceProxies = 1;
			preferredProjectObjectVersion = 77;
			productRefGroup = 3690AFE22ED00CCE008C3221 /* Products */;
			projectDirPath = "";
			projectRoot = "";
			targets = (
				3690AFE02ED00CCE008C3221 /* JsonTypicodePost */,
				3690AFF02ED00CD0008C3221 /* JsonTypicodePostTests */,
				3690AFFA2ED00CD0008C3221 /* JsonTypicodePostUITests */,
			);
		};
/* End PBXProject section */

/* Begin PBXResourcesBuildPhase section */
		3690AFDF2ED00CCE008C3221 /* Resources */ = {
			isa = PBXResourcesBuildPhase;
			buildActionMask = 2147483647;
			files = (
			);
			runOnlyForDeploymentPostprocessing = 0;
		};
		3690AFEF2ED00CD0008C3221 /* Resources */ = {
			isa = PBXResourcesBuildPhase;
			buildActionMask = 2147483647;
			files = (
			);
			runOnlyForDeploymentPostprocessing = 0;
		};
		3690AFF92ED00CD0008C3221 /* Resources */ = {
			isa = PBXResourcesBuildPhase;
			buildActionMask = 2147483647;
			files = (
			);
			runOnlyForDeploymentPostprocessing = 0;
		};
/* End PBXResourcesBuildPhase section */

/* Begin PBXSourcesBuildPhase section */
		3690AFDD2ED00CCE008C3221 /* Sources */ = {
			isa = PBXSourcesBuildPhase;
			buildActionMask = 2147483647;
			files = (
			);
			runOnlyForDeploymentPostprocessing = 0;
		};
		3690AFED2ED00CD0008C3221 /* Sources */ = {
			isa = PBXSourcesBuildPhase;
			buildActionMask = 2147483647;
			files = (
			);
			runOnlyForDeploymentPostprocessing = 0;
		};
		3690AFF72ED00CD0008C3221 /* Sources */ = {
			isa = PBXSourcesBuildPhase;
			buildActionMask = 2147483647;
			files = (
			);
			runOnlyForDeploymentPostprocessing = 0;
		};
/* End PBXSourcesBuildPhase section */

/* Begin PBXTargetDependency section */
		3690AFF32ED00CD0008C3221 /* PBXTargetDependency */ = {
			isa = PBXTargetDependency;
			target = 3690AFE02ED00CCE008C3221 /* JsonTypicodePost */;
			targetProxy = 3690AFF22ED00CD0008C3221 /* PBXContainerItemProxy */;
		};
		3690AFFD2ED00CD0008C3221 /* PBXTargetDependency */ = {
			isa = PBXTargetDependency;
			target = 3690AFE02ED00CCE008C3221 /* JsonTypicodePost */;
			targetProxy = 3690AFFC2ED00CD0008C3221 /* PBXContainerItemProxy */;
		};
/* End PBXTargetDependency section */

/* Begin XCBuildConfiguration section */
		3690B0032ED00CD0008C3221 /* Debug */ = {
			isa = XCBuildConfiguration;
			buildSettings = {
				ALWAYS_SEARCH_USER_PATHS = NO;
				ASSETCATALOG_COMPILER_GENERATE_SWIFT_ASSET_SYMBOL_EXTENSIONS = YES;
				CLANG_ANALYZER_NONNULL = YES;
				CLANG_ANALYZER_NUMBER_OBJECT_CONVERSION = YES_AGGRESSIVE;
				CLANG_CXX_LANGUAGE_STANDARD = "gnu++20";
				CLANG_ENABLE_MODULES = YES;
				CLANG_ENABLE_OBJC_ARC = YES;
				CLANG_ENABLE_OBJC_WEAK = YES;
				CLANG_WARN_BLOCK_CAPTURE_AUTORELEASING = YES;
				CLANG_WARN_BOOL_CONVERSION = YES;
				CLANG_WARN_COMMA = YES;
				CLANG_WARN_CONSTANT_CONVERSION = YES;
				CLANG_WARN_DEPRECATED_OBJC_IMPLEMENTATIONS = YES;
				CLANG_WARN_DIRECT_OBJC_ISA_USAGE = YES_ERROR;
				CLANG_WARN_DOCUMENTATION_COMMENTS = YES;
				CLANG_WARN_EMPTY_BODY = YES;
				CLANG_WARN_ENUM_CONVERSION = YES;
				CLANG_WARN_INFINITE_RECURSION = YES;
				CLANG_WARN_INT_CONVERSION = YES;
				CLANG_WARN_NON_LITERAL_NULL_CONVERSION = YES;
				CLANG_WARN_OBJC_IMPLICIT_RETAIN_SELF = YES;
				CLANG_WARN_OBJC_LITERAL_CONVERSION = YES;
				CLANG_WARN_OBJC_ROOT_CLASS = YES_ERROR;
				CLANG_WARN_QUOTED_INCLUDE_IN_FRAMEWORK_HEADER = YES;
				CLANG_WARN_RANGE_LOOP_ANALYSIS = YES;
				CLANG_WARN_STRICT_PROTOTYPES = YES;
				CLANG_WARN_SUSPICIOUS_MOVE = YES;
				CLANG_WARN_UNGUARDED_AVAILABILITY = YES_AGGRESSIVE;
				CLANG_WARN_UNREACHABLE_CODE = YES;
				CLANG_WARN__DUPLICATE_METHOD_MATCH = YES;
				COPY_PHASE_STRIP = NO;
				DEBUG_INFORMATION_FORMAT = dwarf;
				ENABLE_STRICT_OBJC_MSGSEND = YES;
				ENABLE_TESTABILITY = YES;
				ENABLE_USER_SCRIPT_SANDBOXING = YES;
				GCC_C_LANGUAGE_STANDARD = gnu17;
				GCC_DYNAMIC_NO_PIC = NO;
				GCC_NO_COMMON_BLOCKS = YES;
				GCC_OPTIMIZATION_LEVEL = 0;
				GCC_PREPROCESSOR_DEFINITIONS = (
					"DEBUG=1",
					"$(inherited)",
				);
				GCC_WARN_64_TO_32_BIT_CONVERSION = YES;
				GCC_WARN_ABOUT_RETURN_TYPE = YES_ERROR;
				GCC_WARN_UNDECLARED_SELECTOR = YES;
				GCC_WARN_UNINITIALIZED_AUTOS = YES_AGGRESSIVE;
				GCC_WARN_UNUSED_FUNCTION = YES;
				GCC_WARN_UNUSED_VARIABLE = YES;
				IPHONEOS_DEPLOYMENT_TARGET = 18.2;
				LOCALIZATION_PREFERS_STRING_CATALOGS = YES;
				MTL_ENABLE_DEBUG_INFO = INCLUDE_SOURCE;
				MTL_FAST_MATH = YES;
				ONLY_ACTIVE_ARCH = YES;
				SDKROOT = iphoneos;
				SWIFT_ACTIVE_COMPILATION_CONDITIONS = "DEBUG $(inherited)";
				SWIFT_OPTIMIZATION_LEVEL = "-Onone";
			};
			name = Debug;
		};
		3690B0042ED00CD0008C3221 /* Release */ = {
			isa = XCBuildConfiguration;
			buildSettings = {
				ALWAYS_SEARCH_USER_PATHS = NO;
				ASSETCATALOG_COMPILER_GENERATE_SWIFT_ASSET_SYMBOL_EXTENSIONS = YES;
				CLANG_ANALYZER_NONNULL = YES;
				CLANG_ANALYZER_NUMBER_OBJECT_CONVERSION = YES_AGGRESSIVE;
				CLANG_CXX_LANGUAGE_STANDARD = "gnu++20";
				CLANG_ENABLE_MODULES = YES;
				CLANG_ENABLE_OBJC_ARC = YES;
				CLANG_ENABLE_OBJC_WEAK = YES;
				CLANG_WARN_BLOCK_CAPTURE_AUTORELEASING = YES;
				CLANG_WARN_BOOL_CONVERSION = YES;
				CLANG_WARN_COMMA = YES;
				CLANG_WARN_CONSTANT_CONVERSION = YES;
				CLANG_WARN_DEPRECATED_OBJC_IMPLEMENTATIONS = YES;
				CLANG_WARN_DIRECT_OBJC_ISA_USAGE = YES_ERROR;
				CLANG_WARN_DOCUMENTATION_COMMENTS = YES;
				CLANG_WARN_EMPTY_BODY = YES;
				CLANG_WARN_ENUM_CONVERSION = YES;
				CLANG_WARN_INFINITE_RECURSION = YES;
				CLANG_WARN_INT_CONVERSION = YES;
				CLANG_WARN_NON_LITERAL_NULL_CONVERSION = YES;
				CLANG_WARN_OBJC_IMPLICIT_RETAIN_SELF = YES;
				CLANG_WARN_OBJC_LITERAL_CONVERSION = YES;
				CLANG_WARN_OBJC_ROOT_CLASS = YES_ERROR;
				CLANG_WARN_QUOTED_INCLUDE_IN_FRAMEWORK_HEADER = YES;
				CLANG_WARN_RANGE_LOOP_ANALYSIS = YES;
				CLANG_WARN_STRICT_PROTOTYPES = YES;
				CLANG_WARN_SUSPICIOUS_MOVE = YES;
				CLANG_WARN_UNGUARDED_AVAILABILITY = YES_AGGRESSIVE;
				CLANG_WARN_UNREACHABLE_CODE = YES;
				CLANG_WARN__DUPLICATE_METHOD_MATCH = YES;
				COPY_PHASE_STRIP = NO;
				DEBUG_INFORMATION_FORMAT = "dwarf-with-dsym";
				ENABLE_NS_ASSERTIONS = NO;
				ENABLE_STRICT_OBJC_MSGSEND = YES;
				ENABLE_USER_SCRIPT_SANDBOXING = YES;
				GCC_C_LANGUAGE_STANDARD = gnu17;
				GCC_NO_COMMON_BLOCKS = YES;
				GCC_WARN_64_TO_32_BIT_CONVERSION = YES;
				GCC_WARN_ABOUT_RETURN_TYPE = YES_ERROR;
				GCC_WARN_UNDECLARED_SELECTOR = YES;
				GCC_WARN_UNINITIALIZED_AUTOS = YES_AGGRESSIVE;
				GCC_WARN_UNUSED_FUNCTION = YES;
				GCC_WARN_UNUSED_VARIABLE = YES;
				IPHONEOS_DEPLOYMENT_TARGET = 18.2;
				LOCALIZATION_PREFERS_STRING_CATALOGS = YES;
				MTL_ENABLE_DEBUG_INFO = NO;
				MTL_FAST_MATH = YES;
				SDKROOT = iphoneos;
				SWIFT_COMPILATION_MODE = wholemodule;
				VALIDATE_PRODUCT = YES;
			};
			name = Release;
		};
		3690B0062ED00CD0008C3221 /* Debug */ = {
			isa = XCBuildConfiguration;
			buildSettings = {
				ASSETCATALOG_COMPILER_APPICON_NAME = AppIcon;
				ASSETCATALOG_COMPILER_GLOBAL_ACCENT_COLOR_NAME = AccentColor;
				CODE_SIGN_STYLE = Automatic;
				CURRENT_PROJECT_VERSION = 1;
				DEVELOPMENT_ASSET_PATHS = "\"JsonTypicodePost/Preview Content\"";
				DEVELOPMENT_TEAM = P8AXBSFZWZ;
				ENABLE_PREVIEWS = YES;
				GENERATE_INFOPLIST_FILE = YES;
				INFOPLIST_KEY_UIApplicationSceneManifest_Generation = YES;
				INFOPLIST_KEY_UIApplicationSupportsIndirectInputEvents = YES;
				INFOPLIST_KEY_UILaunchScreen_Generation = YES;
				INFOPLIST_KEY_UISupportedInterfaceOrientations_iPad = "UIInterfaceOrientationPortrait UIInterfaceOrientationPortraitUpsideDown UIInterfaceOrientationLandscapeLeft UIInterfaceOrientationLandscapeRight";
				INFOPLIST_KEY_UISupportedInterfaceOrientations_iPhone = "UIInterfaceOrientationPortrait UIInterfaceOrientationLandscapeLeft UIInterfaceOrientationLandscapeRight";
				LD_RUNPATH_SEARCH_PATHS = (
					"$(inherited)",
					"@executable_path/Frameworks",
				);
				MARKETING_VERSION = 1.0;
				PRODUCT_BUNDLE_IDENTIFIER = satori.JsonTypicodePost;
				PRODUCT_NAME = "$(TARGET_NAME)";
				SWIFT_EMIT_LOC_STRINGS = YES;
				SWIFT_VERSION = 5.0;
				TARGETED_DEVICE_FAMILY = "1,2";
			};
			name = Debug;
		};
		3690B0072ED00CD0008C3221 /* Release */ = {
			isa = XCBuildConfiguration;
			buildSettings = {
				ASSETCATALOG_COMPILER_APPICON_NAME = AppIcon;
				ASSETCATALOG_COMPILER_GLOBAL_ACCENT_COLOR_NAME = AccentColor;
				CODE_SIGN_STYLE = Automatic;
				CURRENT_PROJECT_VERSION = 1;
				DEVELOPMENT_ASSET_PATHS = "\"JsonTypicodePost/Preview Content\"";
				DEVELOPMENT_TEAM = P8AXBSFZWZ;
				ENABLE_PREVIEWS = YES;
				GENERATE_INFOPLIST_FILE = YES;
				INFOPLIST_KEY_UIApplicationSceneManifest_Generation = YES;
				INFOPLIST_KEY_UIApplicationSupportsIndirectInputEvents = YES;
				INFOPLIST_KEY_UILaunchScreen_Generation = YES;
				INFOPLIST_KEY_UISupportedInterfaceOrientations_iPad = "UIInterfaceOrientationPortrait UIInterfaceOrientationPortraitUpsideDown UIInterfaceOrientationLandscapeLeft UIInterfaceOrientationLandscapeRight";
				INFOPLIST_KEY_UISupportedInterfaceOrientations_iPhone = "UIInterfaceOrientationPortrait UIInterfaceOrientationLandscapeLeft UIInterfaceOrientationLandscapeRight";
				LD_RUNPATH_SEARCH_PATHS = (
					"$(inherited)",
					"@executable_path/Frameworks",
				);
				MARKETING_VERSION = 1.0;
				PRODUCT_BUNDLE_IDENTIFIER = satori.JsonTypicodePost;
				PRODUCT_NAME = "$(TARGET_NAME)";
				SWIFT_EMIT_LOC_STRINGS = YES;
				SWIFT_VERSION = 5.0;
				TARGETED_DEVICE_FAMILY = "1,2";
			};
			name = Release;
		};
		3690B0092ED00CD0008C3221 /* Debug */ = {
			isa = XCBuildConfiguration;
			buildSettings = {
				BUNDLE_LOADER = "$(TEST_HOST)";
				CODE_SIGN_STYLE = Automatic;
				CURRENT_PROJECT_VERSION = 1;
				DEVELOPMENT_TEAM = P8AXBSFZWZ;
				GENERATE_INFOPLIST_FILE = YES;
				IPHONEOS_DEPLOYMENT_TARGET = 18.2;
				MARKETING_VERSION = 1.0;
				PRODUCT_BUNDLE_IDENTIFIER = satori.JsonTypicodePostTests;
				PRODUCT_NAME = "$(TARGET_NAME)";
				SWIFT_EMIT_LOC_STRINGS = NO;
				SWIFT_VERSION = 5.0;
				TARGETED_DEVICE_FAMILY = "1,2";
				TEST_HOST = "$(BUILT_PRODUCTS_DIR)/JsonTypicodePost.app/$(BUNDLE_EXECUTABLE_FOLDER_PATH)/JsonTypicodePost";
			};
			name = Debug;
		};
		3690B00A2ED00CD0008C3221 /* Release */ = {
			isa = XCBuildConfiguration;
			buildSettings = {
				BUNDLE_LOADER = "$(TEST_HOST)";
				CODE_SIGN_STYLE = Automatic;
				CURRENT_PROJECT_VERSION = 1;
				DEVELOPMENT_TEAM = P8AXBSFZWZ;
				GENERATE_INFOPLIST_FILE = YES;
				IPHONEOS_DEPLOYMENT_TARGET = 18.2;
				MARKETING_VERSION = 1.0;
				PRODUCT_BUNDLE_IDENTIFIER = satori.JsonTypicodePostTests;
				PRODUCT_NAME = "$(TARGET_NAME)";
				SWIFT_EMIT_LOC_STRINGS = NO;
				SWIFT_VERSION = 5.0;
				TARGETED_DEVICE_FAMILY = "1,2";
				TEST_HOST = "$(BUILT_PRODUCTS_DIR)/JsonTypicodePost.app/$(BUNDLE_EXECUTABLE_FOLDER_PATH)/JsonTypicodePost";
			};
			name = Release;
		};
		3690B00C2ED00CD0008C3221 /* Debug */ = {
			isa = XCBuildConfiguration;
			buildSettings = {
				CODE_SIGN_STYLE = Automatic;
				CURRENT_PROJECT_VERSION = 1;
				DEVELOPMENT_TEAM = P8AXBSFZWZ;
				GENERATE_INFOPLIST_FILE = YES;
				MARKETING_VERSION = 1.0;
				PRODUCT_BUNDLE_IDENTIFIER = satori.JsonTypicodePostUITests;
				PRODUCT_NAME = "$(TARGET_NAME)";
				SWIFT_EMIT_LOC_STRINGS = NO;
				SWIFT_VERSION = 5.0;
				TARGETED_DEVICE_FAMILY = "1,2";
				TEST_TARGET_NAME = JsonTypicodePost;
			};
			name = Debug;
		};
		3690B00D2ED00CD0008C3221 /* Release */ = {
			isa = XCBuildConfiguration;
			buildSettings = {
				CODE_SIGN_STYLE = Automatic;
				CURRENT_PROJECT_VERSION = 1;
				DEVELOPMENT_TEAM = P8AXBSFZWZ;
				GENERATE_INFOPLIST_FILE = YES;
				MARKETING_VERSION = 1.0;
				PRODUCT_BUNDLE_IDENTIFIER = satori.JsonTypicodePostUITests;
				PRODUCT_NAME = "$(TARGET_NAME)";
				SWIFT_EMIT_LOC_STRINGS = NO;
				SWIFT_VERSION = 5.0;
				TARGETED_DEVICE_FAMILY = "1,2";
				TEST_TARGET_NAME = JsonTypicodePost;
			};
			name = Release;
		};
/* End XCBuildConfiguration section */

/* Begin XCConfigurationList section */
		3690AFDC2ED00CCE008C3221 /* Build configuration list for PBXProject "JsonTypicodePost" */ = {
			isa = XCConfigurationList;
			buildConfigurations = (
				3690B0032ED00CD0008C3221 /* Debug */,
				3690B0042ED00CD0008C3221 /* Release */,
			);
			defaultConfigurationIsVisible = 0;
			defaultConfigurationName = Release;
		};
		3690B0052ED00CD0008C3221 /* Build configuration list for PBXNativeTarget "JsonTypicodePost" */ = {
			isa = XCConfigurationList;
			buildConfigurations = (
				3690B0062ED00CD0008C3221 /* Debug */,
				3690B0072ED00CD0008C3221 /* Release */,
			);
			defaultConfigurationIsVisible = 0;
			defaultConfigurationName = Release;
		};
		3690B0082ED00CD0008C3221 /* Build configuration list for PBXNativeTarget "JsonTypicodePostTests" */ = {
			isa = XCConfigurationList;
			buildConfigurations = (
				3690B0092ED00CD0008C3221 /* Debug */,
				3690B00A2ED00CD0008C3221 /* Release */,
			);
			defaultConfigurationIsVisible = 0;
			defaultConfigurationName = Release;
		};
		3690B00B2ED00CD0008C3221 /* Build configuration list for PBXNativeTarget "JsonTypicodePostUITests" */ = {
			isa = XCConfigurationList;
			buildConfigurations = (
				3690B00C2ED00CD0008C3221 /* Debug */,
				3690B00D2ED00CD0008C3221 /* Release */,
			);
			defaultConfigurationIsVisible = 0;
			defaultConfigurationName = Release;
		};
/* End XCConfigurationList section */
	};
	rootObject = 3690AFD92ED00CCE008C3221 /* Project object */;
}
